{
  "name": "simpleadmin",
  "version": "1.3.2",
  "lockfileVersion": 1,
  "requires": true,
  "dependencies": {
    "boom": {
      "version": "7.3.0",
      "resolved": "https://registry.npmjs.org/boom/-/boom-7.3.0.tgz",
      "integrity": "sha512-Swpoyi2t5+GhOEGw8rEsKvTxFLIDiiKoUc2gsoV6Lyr43LHBIzch3k2MvYUs8RTROrIkVJ3Al0TkaOGjnb+B6A==",
      "requires": {
        "hoek": "6.1.2"
      }
    },
    "hoek": {
      "version": "6.1.2",
      "resolved": "https://registry.npmjs.org/hoek/-/hoek-6.1.2.tgz",
      "integrity": "sha512-6qhh/wahGYZHFSFw12tBbJw5fsAhhwrrG/y3Cs0YMTv2WzMnL0oLPnQJjv1QJvEfylRSOFuP+xCu+tdx0tD16Q=="
    }
  }
}
